// !$*UTF8*$!
{
	archiveVersion = 1;
	classes = {
	};
	objectVersion = 32;
	objects = {
		014B4C1BFED5DBD9CFED3B93 = {
			buildStyles = (
				055C7F3E0049D6ECCFED3B96,
				055C7F3F0049D6ECCFED3B96,
			);
			isa = PBXProject;
			mainGroup = 014B4C1CFED5DBD9CFED3B93;
			productRefGroup = 014B4C1DFED5DBD9CFED3B93;
			projectDirPath = .;
			targets = (
				014B4C35FED5DBD9CFED3B93,
			);
		};
		014B4C1CFED5DBD9CFED3B93 = {
			children = (
				014B4C1FFED5DBD9CFED3B93,
				014B4C21FED5DBD9CFED3B93,
				014B4C23FED5DBD9CFED3B93,
				014B4C25FED5DBD9CFED3B93,
				014B4C2BFED5DBD9CFED3B93,
				014B4C32FED5DBD9CFED3B93,
				014B4C1DFED5DBD9CFED3B93,
			);
			isa = PBXGroup;
			name = MultipleSoundPlayer;
			refType = 4;
		};
		014B4C1DFED5DBD9CFED3B93 = {
			children = (
				23B62B560028B6EACFED3B96,
			);
			isa = PBXGroup;
			name = Products;
			refType = 4;
		};
		014B4C1FFED5DBD9CFED3B93 = {
			children = (
				014B4C20FED5DBD9CFED3B93,
			);
			isa = PBXGroup;
			name = Classes;
			refType = 4;
		};
		014B4C20FED5DBD9CFED3B93 = {
			isa = PBXFileReference;
			path = SoundPlayerController.m;
			refType = 4;
		};
		014B4C21FED5DBD9CFED3B93 = {
			children = (
				014B4C22FED5DBD9CFED3B93,
			);
			isa = PBXGroup;
			name = Headers;
			refType = 4;
		};
		014B4C22FED5DBD9CFED3B93 = {
			isa = PBXFileReference;
			path = SoundPlayerController.h;
			refType = 4;
		};
		014B4C23FED5DBD9CFED3B93 = {
			children = (
				014B4C24FED5DBD9CFED3B93,
			);
			isa = PBXGroup;
			name = "Other Sources";
			refType = 4;
		};
		014B4C24FED5DBD9CFED3B93 = {
			isa = PBXFileReference;
			path = MultipleSoundPlayer_main.m;
			refType = 4;
		};
		014B4C25FED5DBD9CFED3B93 = {
			children = (
				014B4C26FED5DBD9CFED3B93,
			);
			isa = PBXGroup;
			name = Interfaces;
			refType = 4;
		};
		014B4C26FED5DBD9CFED3B93 = {
			children = (
				014B4C29FED5DBD9CFED3B93,
				014B4C28FED5DBD9CFED3B93,
			);
			isa = PBXVariantGroup;
			name = MultipleSoundPlayer.nib;
			refType = 4;
		};
		014B4C28FED5DBD9CFED3B93 = {
			isa = PBXFileReference;
			name = "English - windows";
			path = "English.lproj/MultipleSoundPlayer-windows.nib";
			refType = 4;
		};
		014B4C29FED5DBD9CFED3B93 = {
			isa = PBXFileReference;
			name = "English - macos";
			path = "English.lproj/MultipleSoundPlayer-macos.nib";
			refType = 4;
		};
		014B4C2BFED5DBD9CFED3B93 = {
			children = (
				014B4C2CFED5DBD9CFED3B93,
				014B4C2DFED5DBD9CFED3B93,
				014B4C2EFED5DBD9CFED3B93,
				014B4C2FFED5DBD9CFED3B93,
				014B4C30FED5DBD9CFED3B93,
				014B4C31FED5DBD9CFED3B93,
			);
			isa = PBXGroup;
			name = "Supporting Files";
			refType = 4;
		};
		014B4C2CFED5DBD9CFED3B93 = {
			isa = PBXFileReference;
			path = Makefile.preamble;
			refType = 4;
		};
		014B4C2DFED5DBD9CFED3B93 = {
			isa = PBXFileReference;
			path = Makefile;
			refType = 4;
		};
		014B4C2EFED5DBD9CFED3B93 = {
			isa = PBXFileReference;
			path = Makefile.postamble;
			refType = 4;
		};
		014B4C2FFED5DBD9CFED3B93 = {
			isa = PBXFileReference;
			path = m.template;
			refType = 4;
		};
		014B4C30FED5DBD9CFED3B93 = {
			isa = PBXFileReference;
			path = h.template;
			refType = 4;
		};
		014B4C31FED5DBD9CFED3B93 = {
			isa = PBXFileReference;
			path = java.template;
			refType = 4;
		};
		014B4C32FED5DBD9CFED3B93 = {
			children = (
				014B4C33FED5DBD9CFED3B93,
				014B4C34FED5DBD9CFED3B93,
				198406D2004716D3CFED3B96,
			);
			isa = PBXGroup;
			name = "External Frameworks and Libraries";
			refType = 4;
		};
		014B4C33FED5DBD9CFED3B93 = {
			isa = PBXFrameworkReference;
			name = AppKit.framework;
			path = /System/Library/Frameworks/AppKit.framework;
			refType = 0;
		};
		014B4C34FED5DBD9CFED3B93 = {
			isa = PBXFrameworkReference;
			name = Foundation.framework;
			path = /System/Library/Frameworks/Foundation.framework;
			refType = 0;
		};
		014B4C35FED5DBD9CFED3B93 = {
			buildPhases = (
				014B4C36FED5DBD9CFED3B93,
				014B4C38FED5DBD9CFED3B93,
				014B4C3AFED5DBD9CFED3B93,
				014B4C3DFED5DBD9CFED3B93,
				014B4C40FED5DBD9CFED3B93,
			);
			buildSettings = {
				FRAMEWORK_SEARCH_PATHS = "";
				HEADER_SEARCH_PATHS = "";
				INSTALL_PATH = /Applications;
				LIBRARY_SEARCH_PATHS = "";
				OPTIMIZATION_CFLAGS = "";
				OTHER_CFLAGS = "";
				OTHER_LDFLAGS = "";
				OTHER_REZFLAGS = "";
				PRODUCT_NAME = MultipleSoundPlayer;
				SECTORDER_FLAGS = "";
				WARNING_CFLAGS = "-Wmost -Wno-four-char-constants -Wno-unknown-pragmas";
				WRAPPER_EXTENSION = app;
			};
			conditionalBuildSettings = {
			};
			dependencies = (
			);
			isa = PBXApplicationTarget;
			name = "MultipleSoundPlayer (Application)";
			productInstallPath = /Applications;
			productName = MultipleSoundPlayer;
			productReference = 23B62B560028B6EACFED3B96;
			productSettingsXML = "<?xml version=\"1.0\" encoding=\"UTF-8\"?>
<!DOCTYPE plist SYSTEM \"file://localhost/System/Library/DTDs/PropertyList.dtd\">
<plist version=\"0.9\">
<dict>
	<key>CFBundleDevelopmentRegion</key>
	<string>English</string>
	<key>CFBundleExecutable</key>
	<string>MultipleSoundPlayer</string>
	<key>CFBundleGetInfoString</key>
	<string>Demonstration of play multiple overlapping simultaneous sounds with the SndKit</string>
	<key>CFBundleIconFile</key>
	<string></string>
	<key>CFBundleIdentifier</key>
	<string>org.musickit.MultipleSoundPlayer</string>
	<key>CFBundleInfoDictionaryVersion</key>
	<string>6.0</string>
	<key>CFBundleName</key>
	<string>Multiple Sound Player</string>
	<key>CFBundlePackageType</key>
	<string>APPL</string>
	<key>CFBundleShortVersionString</key>
	<string>V1.0.0</string>
	<key>CFBundleSignature</key>
	<string>????</string>
	<key>CFBundleVersion</key>
	<string>1.0.0</string>
	<key>NSExtensions</key>
	<dict/>
	<key>NSMainNibFile</key>
	<string>MultipleSoundPlayer-macos</string>
	<key>NSPrincipalClass</key>
	<string>NSApplication</string>
</dict>
</plist>
";
			shouldUseHeadermap = 0;
		};
		014B4C36FED5DBD9CFED3B93 = {
			buildActionMask = 2147483647;
			files = (
				014B4C37FED5DBD9CFED3B93,
			);
			isa = PBXHeadersBuildPhase;
			name = Headers;
		};
		014B4C37FED5DBD9CFED3B93 = {
			fileRef = 014B4C22FED5DBD9CFED3B93;
			isa = PBXBuildFile;
			settings = {
			};
		};
		014B4C38FED5DBD9CFED3B93 = {
			buildActionMask = 2147483647;
			files = (
				014B4C39FED5DBD9CFED3B93,
			);
			isa = PBXResourcesBuildPhase;
			name = "Bundle Resources";
		};
		014B4C39FED5DBD9CFED3B93 = {
			fileRef = 014B4C26FED5DBD9CFED3B93;
			isa = PBXBuildFile;
			settings = {
			};
		};
		014B4C3AFED5DBD9CFED3B93 = {
			buildActionMask = 2147483647;
			files = (
				014B4C3BFED5DBD9CFED3B93,
				014B4C3CFED5DBD9CFED3B93,
			);
			isa = PBXSourcesBuildPhase;
			name = Sources;
		};
		014B4C3BFED5DBD9CFED3B93 = {
			fileRef = 014B4C20FED5DBD9CFED3B93;
			isa = PBXBuildFile;
			settings = {
				ATTRIBUTES = (
				);
			};
		};
		014B4C3CFED5DBD9CFED3B93 = {
			fileRef = 014B4C24FED5DBD9CFED3B93;
			isa = PBXBuildFile;
			settings = {
				ATTRIBUTES = (
				);
			};
		};
		014B4C3DFED5DBD9CFED3B93 = {
			buildActionMask = 2147483647;
			files = (
				014B4C3EFED5DBD9CFED3B93,
				014B4C3FFED5DBD9CFED3B93,
				198406D3004716D3CFED3B96,
			);
			isa = PBXFrameworksBuildPhase;
			name = "Frameworks & Libraries";
		};
		014B4C3EFED5DBD9CFED3B93 = {
			fileRef = 014B4C33FED5DBD9CFED3B93;
			isa = PBXBuildFile;
			settings = {
			};
		};
		014B4C3FFED5DBD9CFED3B93 = {
			fileRef = 014B4C34FED5DBD9CFED3B93;
			isa = PBXBuildFile;
			settings = {
			};
		};
		014B4C40FED5DBD9CFED3B93 = {
			buildActionMask = 2147483647;
			files = (
			);
			isa = PBXRezBuildPhase;
			name = "ResourceManager Resources";
		};
		055C7F3E0049D6ECCFED3B96 = {
			buildRules = (
			);
			buildSettings = {
				COPY_PHASE_STRIP = NO;
			};
			isa = PBXBuildStyle;
			name = Development;
		};
		055C7F3F0049D6ECCFED3B96 = {
			buildRules = (
			);
			buildSettings = {
				COPY_PHASE_STRIP = YES;
			};
			isa = PBXBuildStyle;
			name = Deployment;
		};
		198406D2004716D3CFED3B96 = {
			isa = PBXFrameworkReference;
			name = SndKit.framework;
			path = /Library/Frameworks/SndKit.framework;
			refType = 0;
		};
		198406D3004716D3CFED3B96 = {
			fileRef = 198406D2004716D3CFED3B96;
			isa = PBXBuildFile;
			settings = {
			};
		};
		23B62B560028B6EACFED3B96 = {
			isa = PBXApplicationReference;
			path = MultipleSoundPlayer.app;
			refType = 3;
		};
	};
	rootObject = 014B4C1BFED5DBD9CFED3B93;
}
