// !$*UTF8*$!
{
	archiveVersion = 1;
	classes = {
	};
	objectVersion = 34;
	objects = {
		F5D048B50280381201A80103 = {
			buildStyles = (
				F5D048CE0280381201A80103,
				F5D048CF0280381201A80103,
			);
			isa = PBXProject;
			mainGroup = F5D048B60280381201A80103;
			productRefGroup = F5D048C40280381201A80103;
			projectDirPath = "";
			targets = (
				F5D048C60280381201A80103,
			);
		};
		F5D048B60280381201A80103 = {
			children = (
				F5D048B70280381201A80103,
				F5D048B90280381201A80103,
				F5D048C00280381201A80103,
				F5D048C30280381201A80103,
				F5D048C40280381201A80103,
			);
			isa = PBXGroup;
			name = mixscorefiles;
			refType = 4;
		};
		F5D048B70280381201A80103 = {
			children = (
				F5D048B80280381201A80103,
			);
			isa = PBXGroup;
			name = "Other Sources";
			refType = 4;
		};
		F5D048B80280381201A80103 = {
			isa = PBXFileReference;
			path = mixscorefiles_main.m;
			refType = 4;
		};
		F5D048B90280381201A80103 = {
			children = (
				F5D048BA0280381201A80103,
				F5D048BB0280381201A80103,
				F5D048BC0280381201A80103,
				F5D048BD0280381201A80103,
				F5D048BE0280381201A80103,
				F5D048BF0280381201A80103,
			);
			isa = PBXGroup;
			name = "Supporting Files";
			refType = 4;
		};
		F5D048BA0280381201A80103 = {
			isa = PBXFileReference;
			path = Makefile.preamble;
			refType = 4;
		};
		F5D048BB0280381201A80103 = {
			isa = PBXFileReference;
			path = Makefile;
			refType = 4;
		};
		F5D048BC0280381201A80103 = {
			isa = PBXFileReference;
			path = Makefile.postamble;
			refType = 4;
		};
		F5D048BD0280381201A80103 = {
			isa = PBXFileReference;
			path = m.template;
			refType = 4;
		};
		F5D048BE0280381201A80103 = {
			isa = PBXFileReference;
			path = h.template;
			refType = 4;
		};
		F5D048BF0280381201A80103 = {
			isa = PBXFileReference;
			path = README;
			refType = 4;
		};
		F5D048C00280381201A80103 = {
			children = (
				F5D048C10280381201A80103,
				F5D048C20280381201A80103,
			);
			isa = PBXGroup;
			name = "External Frameworks and Libraries";
			refType = 4;
		};
		F5D048C10280381201A80103 = {
			isa = PBXFrameworkReference;
			name = Foundation.framework;
			path = /System/Library/Frameworks/Foundation.framework;
			refType = 0;
		};
		F5D048C20280381201A80103 = {
			isa = PBXFrameworkReference;
			name = MusicKit.framework;
			path = /Library/Frameworks/MusicKit.framework;
			refType = 0;
		};
		F5D048C30280381201A80103 = {
			isa = PBXFileReference;
			name = "Import Log.rtf";
			path = "/Users/sbrandon/MK/MusicKit/Examples/mixscorefiles/Import Log.rtf";
			refType = 0;
		};
		F5D048C40280381201A80103 = {
			children = (
				F5D048C50280381201A80103,
			);
			isa = PBXGroup;
			name = Products;
			refType = 4;
		};
		F5D048C50280381201A80103 = {
			isa = PBXExecutableFileReference;
			path = mixscorefiles;
			refType = 3;
		};
		F5D048C60280381201A80103 = {
			buildPhases = (
				F5D048C70280381201A80103,
				F5D048C80280381201A80103,
				F5D048CA0280381201A80103,
				F5D048CD0280381201A80103,
			);
			buildSettings = {
				FRAMEWORK_SEARCH_PATHS = "\"$(LOCAL_LIBRARY_DIR)/Frameworks\"";
				INSTALL_PATH = /bin;
				OPTIMIZATION_CFLAGS = "";
				OTHER_CFLAGS = "";
				OTHER_LDFLAGS = "";
				OTHER_REZFLAGS = "";
				PRODUCT_NAME = mixscorefiles;
				REZ_EXECUTABLE = YES;
				SECTORDER_FLAGS = "";
				WARNING_CFLAGS = "-Wmost -Wno-four-char-constants -Wno-unknown-pragmas";
			};
			dependencies = (
			);
			isa = PBXToolTarget;
			name = "mixscorefiles (Tool)";
			productInstallPath = /bin;
			productName = "mixscorefiles (Tool)";
			productReference = F5D048C50280381201A80103;
			shouldUseHeadermap = 0;
		};
		F5D048C70280381201A80103 = {
			buildActionMask = 2147483647;
			files = (
			);
			isa = PBXHeadersBuildPhase;
			name = Headers;
		};
		F5D048C80280381201A80103 = {
			buildActionMask = 2147483647;
			files = (
				F5D048C90280381201A80103,
			);
			isa = PBXSourcesBuildPhase;
			name = Sources;
		};
		F5D048C90280381201A80103 = {
			fileRef = F5D048B80280381201A80103;
			isa = PBXBuildFile;
			settings = {
				ATTRIBUTES = (
					Debug,
				);
			};
		};
		F5D048CA0280381201A80103 = {
			buildActionMask = 2147483647;
			files = (
				F5D048CB0280381201A80103,
				F5D048CC0280381201A80103,
			);
			isa = PBXFrameworksBuildPhase;
			name = "Frameworks & Libraries";
		};
		F5D048CB0280381201A80103 = {
			fileRef = F5D048C10280381201A80103;
			isa = PBXBuildFile;
			settings = {
			};
		};
		F5D048CC0280381201A80103 = {
			fileRef = F5D048C20280381201A80103;
			isa = PBXBuildFile;
			settings = {
			};
		};
		F5D048CD0280381201A80103 = {
			buildActionMask = 2147483647;
			files = (
			);
			isa = PBXRezBuildPhase;
			name = "ResourceManager Resources";
		};
		F5D048CE0280381201A80103 = {
			buildRules = (
			);
			buildSettings = {
				COPY_PHASE_STRIP = NO;
			};
			isa = PBXBuildStyle;
			name = Development;
		};
		F5D048CF0280381201A80103 = {
			buildRules = (
			);
			buildSettings = {
				COPY_PHASE_STRIP = YES;
			};
			isa = PBXBuildStyle;
			name = Deployment;
		};
	};
	rootObject = F5D048B50280381201A80103;
}
