// !$*UTF8*$!
{
	archiveVersion = 1;
	classes = {
	};
	objectVersion = 32;
	objects = {
		029604BD006FB31FCFED3B96 = {
			children = (
				029604BE006FB31FCFED3B96,
			);
			isa = PBXGroup;
			name = Help;
			refType = 4;
		};
		029604BE006FB31FCFED3B96 = {
			children = (
				029604BF006FB31FCFED3B96,
			);
			isa = PBXVariantGroup;
			name = SpectroHelp.sgml;
			path = "";
			refType = 4;
		};
		029604BF006FB31FCFED3B96 = {
			isa = PBXFileReference;
			name = English;
			path = Help/English.lproj/SpectroHelp.sgml;
			refType = 4;
		};
		029604C0006FB31FCFED3B96 = {
			fileRef = 029604BE006FB31FCFED3B96;
			isa = PBXBuildFile;
			settings = {
			};
		};
		06C97E250056EE8CCFED3B96 = {
			isa = PBXFrameworkReference;
			name = SndKit.framework;
			path = /Volumes/manray/Local/Library/Frameworks/SndKit.framework;
			refType = 0;
		};
		06C97E260056EE8CCFED3B96 = {
			fileRef = 06C97E250056EE8CCFED3B96;
			isa = PBXBuildFile;
			settings = {
			};
		};
		06C97E270056EE8CCFED3B96 = {
			buildRules = (
			);
			buildSettings = {
				COPY_PHASE_STRIP = NO;
			};
			isa = PBXBuildStyle;
			name = Development;
		};
		06C97E280056EE8CCFED3B96 = {
			buildRules = (
			);
			buildSettings = {
				COPY_PHASE_STRIP = YES;
			};
			isa = PBXBuildStyle;
			name = Deployment;
		};
		06C97E2900570B37CFED3B96 = {
			isa = PBXFileReference;
			path = Spectro.icns;
			refType = 4;
		};
		06C97E2A00570B37CFED3B96 = {
			fileRef = 06C97E2900570B37CFED3B96;
			isa = PBXBuildFile;
			settings = {
			};
		};
		0F183AF20035F7AECFED3B96 = {
			buildStyles = (
				06C97E270056EE8CCFED3B96,
				06C97E280056EE8CCFED3B96,
			);
			isa = PBXProject;
			mainGroup = 0F183AF30035F7AECFED3B96;
			productRefGroup = 0F183B2E0035F7AECFED3B96;
			projectDirPath = .;
			targets = (
				0F183B300035F7AECFED3B96,
			);
		};
		0F183AF30035F7AECFED3B96 = {
			children = (
				029604BD006FB31FCFED3B96,
				0F183AF40035F7AECFED3B96,
				0F183B010035F7AECFED3B96,
				0F183B0E0035F7AECFED3B96,
				0F183B100035F7AECFED3B96,
				0F183B1D0035F7AECFED3B96,
				0F183B220035F7AECFED3B96,
				0F183B290035F7AECFED3B96,
				0F183B2E0035F7AECFED3B96,
			);
			isa = PBXGroup;
			name = Spectro;
			refType = 4;
		};
		0F183AF40035F7AECFED3B96 = {
			children = (
				0F183AF50035F7AECFED3B96,
				0F183AF60035F7AECFED3B96,
				0F183AF70035F7AECFED3B96,
				0F183AF80035F7AECFED3B96,
				0F183AF90035F7AECFED3B96,
				0F183AFA0035F7AECFED3B96,
				0F183AFB0035F7AECFED3B96,
				0F183AFC0035F7AECFED3B96,
				0F183AFD0035F7AECFED3B96,
				0F183AFE0035F7AECFED3B96,
				0F183AFF0035F7AECFED3B96,
				0F183B000035F7AECFED3B96,
			);
			isa = PBXGroup;
			name = Classes;
			refType = 4;
		};
		0F183AF50035F7AECFED3B96 = {
			isa = PBXFileReference;
			path = PrefController.m;
			refType = 4;
		};
		0F183AF60035F7AECFED3B96 = {
			isa = PBXFileReference;
			path = SaveToController.m;
			refType = 4;
		};
		0F183AF70035F7AECFED3B96 = {
			isa = PBXFileReference;
			path = ScrollingSound.m;
			refType = 4;
		};
		0F183AF80035F7AECFED3B96 = {
			isa = PBXFileReference;
			path = ScrollingSpectrum.m;
			refType = 4;
		};
		0F183AF90035F7AECFED3B96 = {
			isa = PBXFileReference;
			path = SignalProcessor.m;
			refType = 4;
		};
		0F183AFA0035F7AECFED3B96 = {
			isa = PBXFileReference;
			path = SoundController.m;
			refType = 4;
		};
		0F183AFB0035F7AECFED3B96 = {
			isa = PBXFileReference;
			path = SoundDocument.m;
			refType = 4;
		};
		0F183AFC0035F7AECFED3B96 = {
			isa = PBXFileReference;
			path = SoundInfo.m;
			refType = 4;
		};
		0F183AFD0035F7AECFED3B96 = {
			isa = PBXFileReference;
			path = SpectrumDocument.m;
			refType = 4;
		};
		0F183AFE0035F7AECFED3B96 = {
			isa = PBXFileReference;
			path = SpectrumView.m;
			refType = 4;
		};
		0F183AFF0035F7AECFED3B96 = {
			isa = PBXFileReference;
			path = SubSoundView.m;
			refType = 4;
		};
		0F183B000035F7AECFED3B96 = {
			isa = PBXFileReference;
			path = WaterfallView.m;
			refType = 4;
		};
		0F183B010035F7AECFED3B96 = {
			children = (
				0F183B020035F7AECFED3B96,
				0F183B030035F7AECFED3B96,
				0F183B040035F7AECFED3B96,
				0F183B050035F7AECFED3B96,
				0F183B060035F7AECFED3B96,
				0F183B070035F7AECFED3B96,
				0F183B080035F7AECFED3B96,
				0F183B090035F7AECFED3B96,
				0F183B0A0035F7AECFED3B96,
				0F183B0B0035F7AECFED3B96,
				0F183B0C0035F7AECFED3B96,
				0F183B0D0035F7AECFED3B96,
			);
			isa = PBXGroup;
			name = Headers;
			refType = 4;
		};
		0F183B020035F7AECFED3B96 = {
			isa = PBXFileReference;
			path = PrefController.h;
			refType = 4;
		};
		0F183B030035F7AECFED3B96 = {
			isa = PBXFileReference;
			path = SaveToController.h;
			refType = 4;
		};
		0F183B040035F7AECFED3B96 = {
			isa = PBXFileReference;
			path = ScrollingSound.h;
			refType = 4;
		};
		0F183B050035F7AECFED3B96 = {
			isa = PBXFileReference;
			path = ScrollingSpectrum.h;
			refType = 4;
		};
		0F183B060035F7AECFED3B96 = {
			isa = PBXFileReference;
			path = SignalProcessor.h;
			refType = 4;
		};
		0F183B070035F7AECFED3B96 = {
			isa = PBXFileReference;
			path = SoundController.h;
			refType = 4;
		};
		0F183B080035F7AECFED3B96 = {
			isa = PBXFileReference;
			path = SoundDocument.h;
			refType = 4;
		};
		0F183B090035F7AECFED3B96 = {
			isa = PBXFileReference;
			path = SoundInfo.h;
			refType = 4;
		};
		0F183B0A0035F7AECFED3B96 = {
			isa = PBXFileReference;
			path = SpectrumDocument.h;
			refType = 4;
		};
		0F183B0B0035F7AECFED3B96 = {
			isa = PBXFileReference;
			path = SpectrumView.h;
			refType = 4;
		};
		0F183B0C0035F7AECFED3B96 = {
			isa = PBXFileReference;
			path = SubSoundView.h;
			refType = 4;
		};
		0F183B0D0035F7AECFED3B96 = {
			isa = PBXFileReference;
			path = WaterfallView.h;
			refType = 4;
		};
		0F183B0E0035F7AECFED3B96 = {
			children = (
				0F183B0F0035F7AECFED3B96,
			);
			isa = PBXGroup;
			name = "Other Sources";
			refType = 4;
		};
		0F183B0F0035F7AECFED3B96 = {
			isa = PBXFileReference;
			path = Spectro_main.m;
			refType = 4;
		};
		0F183B100035F7AECFED3B96 = {
			children = (
				0F183B110035F7AECFED3B96,
				0F183B140035F7AECFED3B96,
				0F183B160035F7AECFED3B96,
				0F183B190035F7AECFED3B96,
				0F183B1B0035F7AECFED3B96,
			);
			isa = PBXGroup;
			name = Interfaces;
			refType = 4;
		};
		0F183B110035F7AECFED3B96 = {
			children = (
				0F183B120035F7AECFED3B96,
				0F183B130035F7AECFED3B96,
			);
			isa = PBXVariantGroup;
			name = preferences.nib;
			refType = 4;
		};
		0F183B120035F7AECFED3B96 = {
			isa = PBXFileReference;
			name = English;
			path = English.lproj/preferences.nib;
			refType = 4;
		};
		0F183B130035F7AECFED3B96 = {
			isa = PBXFileReference;
			name = "English - windows";
			path = "English.lproj/preferences-windows.nib";
			refType = 4;
		};
		0F183B140035F7AECFED3B96 = {
			children = (
				0F183B150035F7AECFED3B96,
			);
			isa = PBXVariantGroup;
			name = soundInfo.nib;
			refType = 4;
		};
		0F183B150035F7AECFED3B96 = {
			isa = PBXFileReference;
			name = English;
			path = English.lproj/soundInfo.nib;
			refType = 4;
		};
		0F183B160035F7AECFED3B96 = {
			children = (
				0F183B170035F7AECFED3B96,
				0F183B180035F7AECFED3B96,
			);
			isa = PBXVariantGroup;
			name = Spectro.nib;
			refType = 4;
		};
		0F183B170035F7AECFED3B96 = {
			isa = PBXFileReference;
			name = English;
			path = English.lproj/Spectro.nib;
			refType = 4;
		};
		0F183B180035F7AECFED3B96 = {
			isa = PBXFileReference;
			name = "English - windows";
			path = "English.lproj/Spectro-windows.nib";
			refType = 4;
		};
		0F183B190035F7AECFED3B96 = {
			children = (
				0F183B1A0035F7AECFED3B96,
			);
			isa = PBXVariantGroup;
			name = soundDocument.nib;
			refType = 4;
		};
		0F183B1A0035F7AECFED3B96 = {
			isa = PBXFileReference;
			name = English;
			path = English.lproj/soundDocument.nib;
			refType = 4;
		};
		0F183B1B0035F7AECFED3B96 = {
			children = (
				0F183B1C0035F7AECFED3B96,
			);
			isa = PBXVariantGroup;
			name = spectrum.nib;
			refType = 4;
		};
		0F183B1C0035F7AECFED3B96 = {
			isa = PBXFileReference;
			name = English;
			path = English.lproj/spectrum.nib;
			refType = 4;
		};
		0F183B1D0035F7AECFED3B96 = {
			children = (
				0F183B1E0035F7AECFED3B96,
				0F183B1F0035F7AECFED3B96,
				0F183B200035F7AECFED3B96,
				0F183B210035F7AECFED3B96,
				06C97E2900570B37CFED3B96,
			);
			isa = PBXGroup;
			name = Images;
			refType = 4;
		};
		0F183B1E0035F7AECFED3B96 = {
			isa = PBXFileReference;
			path = blank.tiff;
			refType = 4;
		};
		0F183B1F0035F7AECFED3B96 = {
			isa = PBXFileReference;
			path = Spectro.tiff;
			refType = 4;
		};
		0F183B200035F7AECFED3B96 = {
			isa = PBXFileReference;
			path = Spectro.ico;
			refType = 4;
		};
		0F183B210035F7AECFED3B96 = {
			isa = PBXFileReference;
			path = WaterFall.tiff;
			refType = 4;
		};
		0F183B220035F7AECFED3B96 = {
			children = (
			);
			isa = PBXGroup;
			name = Resources;
			refType = 4;
		};
		0F183B290035F7AECFED3B96 = {
			children = (
				0F183B2B0035F7AECFED3B96,
				0F183B2C0035F7AECFED3B96,
				06C97E250056EE8CCFED3B96,
			);
			isa = PBXGroup;
			name = "External Frameworks and Libraries";
			refType = 4;
		};
		0F183B2B0035F7AECFED3B96 = {
			isa = PBXFrameworkReference;
			name = Foundation.framework;
			path = /System/Library/Frameworks/Foundation.framework;
			refType = 0;
		};
		0F183B2C0035F7AECFED3B96 = {
			isa = PBXFrameworkReference;
			name = AppKit.framework;
			path = /System/Library/Frameworks/AppKit.framework;
			refType = 0;
		};
		0F183B2E0035F7AECFED3B96 = {
			children = (
				0F183B2F0035F7AECFED3B96,
			);
			isa = PBXGroup;
			name = Products;
			refType = 4;
		};
		0F183B2F0035F7AECFED3B96 = {
			isa = PBXApplicationReference;
			path = Spectro.app;
			refType = 3;
		};
		0F183B300035F7AECFED3B96 = {
			buildPhases = (
				0F183B310035F7AECFED3B96,
				0F183B3E0035F7AECFED3B96,
				0F183B490035F7AECFED3B96,
				0F183B570035F7AECFED3B96,
				0F183B5B0035F7AECFED3B96,
			);
			buildSettings = {
				FRAMEWORK_SEARCH_PATHS = "\"$(LOCAL_LIBRARY_DIR)/Frameworks\" /Volumes/manray/Local/Library/Frameworks";
				INSTALL_PATH = "$(HOME)/Apps";
				LIBRARY_SEARCH_PATHS = "";
				OPTIMIZATION_CFLAGS = "";
				OTHER_CFLAGS = "";
				OTHER_LDFLAGS = "";
				OTHER_REZFLAGS = "";
				PRODUCT_NAME = Spectro;
				SECTORDER_FLAGS = "";
				WARNING_CFLAGS = "-Wmost -Wno-four-char-constants -Wno-unknown-pragmas";
				WRAPPER_EXTENSION = app;
			};
			conditionalBuildSettings = {
			};
			dependencies = (
			);
			isa = PBXApplicationTarget;
			name = "Spectro (Application)";
			productInstallPath = "$(HOME)/Apps";
			productName = Spectro;
			productReference = 0F183B2F0035F7AECFED3B96;
			productSettingsXML = "<?xml version=\"1.0\" encoding=\"UTF-8\"?>
<!DOCTYPE plist SYSTEM \"file://localhost/System/Library/DTDs/PropertyList.dtd\">
<plist version=\"0.9\">
<dict>
	<key>CFBundleDevelopmentRegion</key>
	<string>English</string>
	<key>CFBundleExecutable</key>
	<string>Spectro</string>
	<key>CFBundleGetInfoString</key>
	<string>A sound file frequency spectrum analyzer and viewer</string>
	<key>CFBundleIconFile</key>
	<string>Spectro</string>
	<key>CFBundleIdentifier</key>
	<string>org.musickit.Spectro</string>
	<key>CFBundleInfoDictionaryVersion</key>
	<string>6.0</string>
	<key>CFBundleName</key>
	<string>Spectro</string>
	<key>CFBundlePackageType</key>
	<string>APPL</string>
	<key>CFBundleShortVersionString</key>
	<string>V4.1.0</string>
	<key>CFBundleSignature</key>
	<string>????</string>
	<key>CFBundleVersion</key>
	<string>4.1.0</string>
	<key>NSExtensions</key>
	<dict>
		<key>snd</key>
		<dict>
			<key>NSNextstepSystemExtension</key>
			<string>YES</string>
		</dict>
	</dict>
	<key>NSMainNibFile</key>
	<string>Spectro</string>
	<key>NSPrincipalClass</key>
	<string>NSApplication</string>
</dict>
</plist>
";
			shouldUseHeadermap = 0;
		};
		0F183B310035F7AECFED3B96 = {
			buildActionMask = 2147483647;
			files = (
				0F183B320035F7AECFED3B96,
				0F183B330035F7AECFED3B96,
				0F183B340035F7AECFED3B96,
				0F183B350035F7AECFED3B96,
				0F183B360035F7AECFED3B96,
				0F183B370035F7AECFED3B96,
				0F183B380035F7AECFED3B96,
				0F183B390035F7AECFED3B96,
				0F183B3A0035F7AECFED3B96,
				0F183B3B0035F7AECFED3B96,
				0F183B3C0035F7AECFED3B96,
				0F183B3D0035F7AECFED3B96,
			);
			isa = PBXHeadersBuildPhase;
			name = Headers;
		};
		0F183B320035F7AECFED3B96 = {
			fileRef = 0F183B020035F7AECFED3B96;
			isa = PBXBuildFile;
			settings = {
			};
		};
		0F183B330035F7AECFED3B96 = {
			fileRef = 0F183B030035F7AECFED3B96;
			isa = PBXBuildFile;
			settings = {
			};
		};
		0F183B340035F7AECFED3B96 = {
			fileRef = 0F183B040035F7AECFED3B96;
			isa = PBXBuildFile;
			settings = {
			};
		};
		0F183B350035F7AECFED3B96 = {
			fileRef = 0F183B050035F7AECFED3B96;
			isa = PBXBuildFile;
			settings = {
			};
		};
		0F183B360035F7AECFED3B96 = {
			fileRef = 0F183B060035F7AECFED3B96;
			isa = PBXBuildFile;
			settings = {
			};
		};
		0F183B370035F7AECFED3B96 = {
			fileRef = 0F183B070035F7AECFED3B96;
			isa = PBXBuildFile;
			settings = {
			};
		};
		0F183B380035F7AECFED3B96 = {
			fileRef = 0F183B080035F7AECFED3B96;
			isa = PBXBuildFile;
			settings = {
			};
		};
		0F183B390035F7AECFED3B96 = {
			fileRef = 0F183B090035F7AECFED3B96;
			isa = PBXBuildFile;
			settings = {
			};
		};
		0F183B3A0035F7AECFED3B96 = {
			fileRef = 0F183B0A0035F7AECFED3B96;
			isa = PBXBuildFile;
			settings = {
			};
		};
		0F183B3B0035F7AECFED3B96 = {
			fileRef = 0F183B0B0035F7AECFED3B96;
			isa = PBXBuildFile;
			settings = {
			};
		};
		0F183B3C0035F7AECFED3B96 = {
			fileRef = 0F183B0C0035F7AECFED3B96;
			isa = PBXBuildFile;
			settings = {
			};
		};
		0F183B3D0035F7AECFED3B96 = {
			fileRef = 0F183B0D0035F7AECFED3B96;
			isa = PBXBuildFile;
			settings = {
			};
		};
		0F183B3E0035F7AECFED3B96 = {
			buildActionMask = 2147483647;
			files = (
				0F183B3F0035F7AECFED3B96,
				0F183B400035F7AECFED3B96,
				0F183B410035F7AECFED3B96,
				0F183B420035F7AECFED3B96,
				0F183B430035F7AECFED3B96,
				0F183B440035F7AECFED3B96,
				0F183B450035F7AECFED3B96,
				0F183B460035F7AECFED3B96,
				0F183B470035F7AECFED3B96,
				06C97E2A00570B37CFED3B96,
				029604C0006FB31FCFED3B96,
			);
			isa = PBXResourcesBuildPhase;
			name = "Bundle Resources";
		};
		0F183B3F0035F7AECFED3B96 = {
			fileRef = 0F183B110035F7AECFED3B96;
			isa = PBXBuildFile;
			settings = {
			};
		};
		0F183B400035F7AECFED3B96 = {
			fileRef = 0F183B140035F7AECFED3B96;
			isa = PBXBuildFile;
			settings = {
			};
		};
		0F183B410035F7AECFED3B96 = {
			fileRef = 0F183B160035F7AECFED3B96;
			isa = PBXBuildFile;
			settings = {
			};
		};
		0F183B420035F7AECFED3B96 = {
			fileRef = 0F183B190035F7AECFED3B96;
			isa = PBXBuildFile;
			settings = {
			};
		};
		0F183B430035F7AECFED3B96 = {
			fileRef = 0F183B1B0035F7AECFED3B96;
			isa = PBXBuildFile;
			settings = {
			};
		};
		0F183B440035F7AECFED3B96 = {
			fileRef = 0F183B1E0035F7AECFED3B96;
			isa = PBXBuildFile;
			settings = {
			};
		};
		0F183B450035F7AECFED3B96 = {
			fileRef = 0F183B1F0035F7AECFED3B96;
			isa = PBXBuildFile;
			settings = {
			};
		};
		0F183B460035F7AECFED3B96 = {
			fileRef = 0F183B200035F7AECFED3B96;
			isa = PBXBuildFile;
			settings = {
			};
		};
		0F183B470035F7AECFED3B96 = {
			fileRef = 0F183B210035F7AECFED3B96;
			isa = PBXBuildFile;
			settings = {
			};
		};
		0F183B490035F7AECFED3B96 = {
			buildActionMask = 2147483647;
			files = (
				0F183B4A0035F7AECFED3B96,
				0F183B4B0035F7AECFED3B96,
				0F183B4C0035F7AECFED3B96,
				0F183B4D0035F7AECFED3B96,
				0F183B4E0035F7AECFED3B96,
				0F183B4F0035F7AECFED3B96,
				0F183B500035F7AECFED3B96,
				0F183B510035F7AECFED3B96,
				0F183B520035F7AECFED3B96,
				0F183B530035F7AECFED3B96,
				0F183B540035F7AECFED3B96,
				0F183B550035F7AECFED3B96,
				0F183B560035F7AECFED3B96,
			);
			isa = PBXSourcesBuildPhase;
			name = Sources;
		};
		0F183B4A0035F7AECFED3B96 = {
			fileRef = 0F183AF50035F7AECFED3B96;
			isa = PBXBuildFile;
			settings = {
				ATTRIBUTES = (
				);
			};
		};
		0F183B4B0035F7AECFED3B96 = {
			fileRef = 0F183AF60035F7AECFED3B96;
			isa = PBXBuildFile;
			settings = {
				ATTRIBUTES = (
				);
			};
		};
		0F183B4C0035F7AECFED3B96 = {
			fileRef = 0F183AF70035F7AECFED3B96;
			isa = PBXBuildFile;
			settings = {
				ATTRIBUTES = (
				);
			};
		};
		0F183B4D0035F7AECFED3B96 = {
			fileRef = 0F183AF80035F7AECFED3B96;
			isa = PBXBuildFile;
			settings = {
				ATTRIBUTES = (
				);
			};
		};
		0F183B4E0035F7AECFED3B96 = {
			fileRef = 0F183AF90035F7AECFED3B96;
			isa = PBXBuildFile;
			settings = {
				ATTRIBUTES = (
				);
			};
		};
		0F183B4F0035F7AECFED3B96 = {
			fileRef = 0F183AFA0035F7AECFED3B96;
			isa = PBXBuildFile;
			settings = {
				ATTRIBUTES = (
				);
			};
		};
		0F183B500035F7AECFED3B96 = {
			fileRef = 0F183AFB0035F7AECFED3B96;
			isa = PBXBuildFile;
			settings = {
				ATTRIBUTES = (
				);
			};
		};
		0F183B510035F7AECFED3B96 = {
			fileRef = 0F183AFC0035F7AECFED3B96;
			isa = PBXBuildFile;
			settings = {
				ATTRIBUTES = (
				);
			};
		};
		0F183B520035F7AECFED3B96 = {
			fileRef = 0F183AFD0035F7AECFED3B96;
			isa = PBXBuildFile;
			settings = {
				ATTRIBUTES = (
				);
			};
		};
		0F183B530035F7AECFED3B96 = {
			fileRef = 0F183AFE0035F7AECFED3B96;
			isa = PBXBuildFile;
			settings = {
				ATTRIBUTES = (
				);
			};
		};
		0F183B540035F7AECFED3B96 = {
			fileRef = 0F183AFF0035F7AECFED3B96;
			isa = PBXBuildFile;
			settings = {
				ATTRIBUTES = (
				);
			};
		};
		0F183B550035F7AECFED3B96 = {
			fileRef = 0F183B000035F7AECFED3B96;
			isa = PBXBuildFile;
			settings = {
				ATTRIBUTES = (
				);
			};
		};
		0F183B560035F7AECFED3B96 = {
			fileRef = 0F183B0F0035F7AECFED3B96;
			isa = PBXBuildFile;
			settings = {
				ATTRIBUTES = (
				);
			};
		};
		0F183B570035F7AECFED3B96 = {
			buildActionMask = 2147483647;
			files = (
				0F183B590035F7AECFED3B96,
				0F183B5A0035F7AECFED3B96,
				06C97E260056EE8CCFED3B96,
			);
			isa = PBXFrameworksBuildPhase;
			name = "Frameworks & Libraries";
		};
		0F183B590035F7AECFED3B96 = {
			fileRef = 0F183B2B0035F7AECFED3B96;
			isa = PBXBuildFile;
			settings = {
			};
		};
		0F183B5A0035F7AECFED3B96 = {
			fileRef = 0F183B2C0035F7AECFED3B96;
			isa = PBXBuildFile;
			settings = {
			};
		};
		0F183B5B0035F7AECFED3B96 = {
			buildActionMask = 2147483647;
			files = (
			);
			isa = PBXRezBuildPhase;
			name = "ResourceManager Resources";
		};
	};
	rootObject = 0F183AF20035F7AECFED3B96;
}
