// !$*UTF8*$!
{
	archiveVersion = 1;
	classes = {
	};
	objectVersion = 32;
	objects = {
		034768E6FF38A76511DB9C8B = {
			isa = PBXExecutableFileReference;
			path = exampleSynthPatch;
			refType = 3;
		};
		08FB7793FE84155DC02AAC07 = {
			buildStyles = (
				441ED0E8005D5B5FCFED3B96,
				441ED0E9005D5B5FCFED3B96,
			);
			isa = PBXProject;
			mainGroup = 08FB7794FE84155DC02AAC07;
			projectDirPath = .;
			targets = (
				08FB779FFE84155DC02AAC07,
			);
		};
		08FB7794FE84155DC02AAC07 = {
			children = (
				08FB7795FE84155DC02AAC07,
				08FB779DFE84155DC02AAC07,
				1AB674ADFE9D54B511CA2CBB,
			);
			isa = PBXGroup;
			name = exampleSynthPatch;
			refType = 4;
		};
		08FB7795FE84155DC02AAC07 = {
			children = (
				08FB7796FE84155DC02AAC07,
				12D58D26001E6F7CCFED3B96,
				12D58D27001E6F7CCFED3B96,
				12D58D28001E6F7CCFED3B96,
				12D58D29001E6F7CCFED3B96,
			);
			isa = PBXGroup;
			name = Source;
			refType = 4;
		};
		08FB7796FE84155DC02AAC07 = {
			isa = PBXFileReference;
			path = main.m;
			refType = 4;
		};
		08FB779DFE84155DC02AAC07 = {
			children = (
				08FB779EFE84155DC02AAC07,
			);
			isa = PBXGroup;
			name = "External Frameworks and Libraries";
			refType = 4;
		};
		08FB779EFE84155DC02AAC07 = {
			isa = PBXFrameworkReference;
			name = Foundation.framework;
			path = /System/Library/Frameworks/Foundation.framework;
			refType = 0;
		};
		08FB779FFE84155DC02AAC07 = {
			buildPhases = (
				08FB77A0FE84155DC02AAC07,
				08FB77A1FE84155DC02AAC07,
				08FB77A3FE84155DC02AAC07,
				08FB77A5FE84155DC02AAC07,
			);
			buildSettings = {
				FRAMEWORK_SEARCH_PATHS = "";
				HEADER_SEARCH_PATHS = "";
				INSTALL_PATH = "$(HOME)/bin";
				LIBRARY_SEARCH_PATHS = "";
				OPTIMIZATION_CFLAGS = "";
				OTHER_CFLAGS = "";
				OTHER_LDFLAGS = "";
				OTHER_REZFLAGS = "";
				PRODUCT_NAME = exampleSynthPatch;
				REZ_EXECUTABLE = YES;
				SECTORDER_FLAGS = "";
				WARNING_CFLAGS = "-Wmost -Wno-four-char-constants -Wno-unknown-pragmas";
			};
			conditionalBuildSettings = {
			};
			dependencies = (
			);
			isa = PBXToolTarget;
			name = exampleSynthPatch;
			productInstallPath = "$(HOME)/bin";
			productName = exampleSynthPatch;
			productReference = 034768E6FF38A76511DB9C8B;
			shouldUseHeadermap = 1;
		};
		08FB77A0FE84155DC02AAC07 = {
			buildActionMask = 2147483647;
			files = (
			);
			isa = PBXHeadersBuildPhase;
			name = Headers;
		};
		08FB77A1FE84155DC02AAC07 = {
			buildActionMask = 2147483647;
			files = (
				08FB77A2FE84155DC02AAC07,
				12D58D2A001E6F7CCFED3B96,
				12D58D2B001E6F7CCFED3B96,
				12D58D2C001E6F7CCFED3B96,
				12D58D2D001E6F7CCFED3B96,
			);
			isa = PBXSourcesBuildPhase;
			name = Sources;
		};
		08FB77A2FE84155DC02AAC07 = {
			fileRef = 08FB7796FE84155DC02AAC07;
			isa = PBXBuildFile;
			settings = {
				ATTRIBUTES = (
				);
			};
		};
		08FB77A3FE84155DC02AAC07 = {
			buildActionMask = 2147483647;
			files = (
				08FB77A4FE84155DC02AAC07,
			);
			isa = PBXFrameworksBuildPhase;
			name = "Frameworks & Libraries";
		};
		08FB77A4FE84155DC02AAC07 = {
			fileRef = 08FB779EFE84155DC02AAC07;
			isa = PBXBuildFile;
			settings = {
			};
		};
		08FB77A5FE84155DC02AAC07 = {
			buildActionMask = 2147483647;
			files = (
			);
			isa = PBXRezBuildPhase;
			name = "ResourceManager Resources";
		};
		12D58D26001E6F7CCFED3B96 = {
			isa = PBXFileReference;
			path = Envy.m;
			refType = 4;
		};
		12D58D27001E6F7CCFED3B96 = {
			isa = PBXFileReference;
			path = EnvySimplified.m;
			refType = 4;
		};
		12D58D28001E6F7CCFED3B96 = {
			isa = PBXFileReference;
			path = FM.m;
			refType = 4;
		};
		12D58D29001E6F7CCFED3B96 = {
			isa = PBXFileReference;
			path = Simplicity.m;
			refType = 4;
		};
		12D58D2A001E6F7CCFED3B96 = {
			fileRef = 12D58D26001E6F7CCFED3B96;
			isa = PBXBuildFile;
			settings = {
				ATTRIBUTES = (
				);
			};
		};
		12D58D2B001E6F7CCFED3B96 = {
			fileRef = 12D58D27001E6F7CCFED3B96;
			isa = PBXBuildFile;
			settings = {
				ATTRIBUTES = (
				);
			};
		};
		12D58D2C001E6F7CCFED3B96 = {
			fileRef = 12D58D28001E6F7CCFED3B96;
			isa = PBXBuildFile;
			settings = {
				ATTRIBUTES = (
				);
			};
		};
		12D58D2D001E6F7CCFED3B96 = {
			fileRef = 12D58D29001E6F7CCFED3B96;
			isa = PBXBuildFile;
			settings = {
				ATTRIBUTES = (
				);
			};
		};
		1AB674ADFE9D54B511CA2CBB = {
			children = (
				034768E6FF38A76511DB9C8B,
			);
			isa = PBXGroup;
			name = Products;
			refType = 4;
		};
		441ED0E8005D5B5FCFED3B96 = {
			buildRules = (
			);
			buildSettings = {
				COPY_PHASE_STRIP = NO;
			};
			isa = PBXBuildStyle;
			name = Development;
		};
		441ED0E9005D5B5FCFED3B96 = {
			buildRules = (
			);
			buildSettings = {
				COPY_PHASE_STRIP = YES;
			};
			isa = PBXBuildStyle;
			name = Deployment;
		};
	};
	rootObject = 08FB7793FE84155DC02AAC07;
}
