// !$*UTF8*$!
{
	archiveVersion = 1;
	classes = {
	};
	objectVersion = 34;
	objects = {
		F52EFCAE01AD09F801A80103 = {
			buildStyles = (
				F52EFCD501AD09F801A80103,
				F52EFCD601AD09F801A80103,
			);
			isa = PBXProject;
			mainGroup = F52EFCAF01AD09F801A80103;
			productRefGroup = F52EFCC501AD09F801A80103;
			projectDirPath = "";
			targets = (
				F52EFCC701AD09F801A80103,
			);
		};
		F52EFCAF01AD09F801A80103 = {
			children = (
				F52EFCB001AD09F801A80103,
				F52EFCB201AD09F801A80103,
				F52EFCB401AD09F801A80103,
				F52EFCB701AD09F801A80103,
				F52EFCB901AD09F801A80103,
				F52EFCBF01AD09F801A80103,
				F52EFCC401AD09F801A80103,
				F52EFCC501AD09F801A80103,
			);
			isa = PBXGroup;
			name = SndViewP;
			refType = 4;
		};
		F52EFCB001AD09F801A80103 = {
			children = (
				F52EFCB101AD09F801A80103,
			);
			isa = PBXGroup;
			name = Classes;
			refType = 4;
		};
		F52EFCB101AD09F801A80103 = {
			isa = PBXFileReference;
			path = SndViewP.m;
			refType = 4;
		};
		F52EFCB201AD09F801A80103 = {
			children = (
				F52EFCB301AD09F801A80103,
			);
			isa = PBXGroup;
			name = Headers;
			refType = 4;
		};
		F52EFCB301AD09F801A80103 = {
			isa = PBXFileReference;
			path = SndViewP.h;
			refType = 4;
		};
		F52EFCB401AD09F801A80103 = {
			children = (
				F52EFCB501AD09F801A80103,
			);
			isa = PBXGroup;
			name = Interfaces;
			refType = 4;
		};
		F52EFCB501AD09F801A80103 = {
			children = (
				F52EFCB601AD09F801A80103,
			);
			isa = PBXVariantGroup;
			name = SndViewP.nib;
			refType = 4;
		};
		F52EFCB601AD09F801A80103 = {
			isa = PBXFileReference;
			name = English;
			path = English.lproj/SndViewP.nib;
			refType = 4;
		};
		F52EFCB701AD09F801A80103 = {
			children = (
				F52EFCB801AD09F801A80103,
			);
			isa = PBXGroup;
			name = Resources;
			refType = 4;
		};
		F52EFCB801AD09F801A80103 = {
			isa = PBXFileReference;
			path = palette.table;
			refType = 4;
		};
		F52EFCB901AD09F801A80103 = {
			children = (
				F52EFCBA01AD09F801A80103,
				F52EFCBB01AD09F801A80103,
				F52EFCBC01AD09F801A80103,
				F52EFCBD01AD09F801A80103,
				F52EFCBE01AD09F801A80103,
			);
			isa = PBXGroup;
			name = "Supporting Files";
			refType = 4;
		};
		F52EFCBA01AD09F801A80103 = {
			isa = PBXFileReference;
			path = Makefile.preamble;
			refType = 4;
		};
		F52EFCBB01AD09F801A80103 = {
			isa = PBXFileReference;
			path = Makefile;
			refType = 4;
		};
		F52EFCBC01AD09F801A80103 = {
			isa = PBXFileReference;
			path = Makefile.postamble;
			refType = 4;
		};
		F52EFCBD01AD09F801A80103 = {
			isa = PBXFileReference;
			path = m.template;
			refType = 4;
		};
		F52EFCBE01AD09F801A80103 = {
			isa = PBXFileReference;
			path = h.template;
			refType = 4;
		};
		F52EFCBF01AD09F801A80103 = {
			children = (
				F52EFCC001AD09F801A80103,
				F52EFCC101AD09F801A80103,
				F52EFCC201AD09F801A80103,
				F52EFCC301AD09F801A80103,
			);
			isa = PBXGroup;
			name = "External Frameworks and Libraries";
			refType = 4;
		};
		F52EFCC001AD09F801A80103 = {
			isa = PBXFrameworkReference;
			name = SndKit.framework;
			path = /Library/Frameworks/SndKit.framework;
			refType = 0;
		};
		F52EFCC101AD09F801A80103 = {
			isa = PBXFrameworkReference;
			name = Foundation.framework;
			path = /System/Library/Frameworks/Foundation.framework;
			refType = 0;
		};
		F52EFCC201AD09F801A80103 = {
			isa = PBXFrameworkReference;
			name = AppKit.framework;
			path = /System/Library/Frameworks/AppKit.framework;
			refType = 0;
		};
		F52EFCC301AD09F801A80103 = {
			isa = PBXFrameworkReference;
			name = InterfaceBuilder.framework;
			path = /System/Library/Frameworks/InterfaceBuilder.framework;
			refType = 0;
		};
		F52EFCC401AD09F801A80103 = {
			isa = PBXFileReference;
			name = "Import Log.rtf";
			path = "/Users/sbrandon/MK/SndKit/Palettes/SndView/Import Log.rtf";
			refType = 0;
		};
		F52EFCC501AD09F801A80103 = {
			children = (
				F52EFCC601AD09F801A80103,
			);
			isa = PBXGroup;
			name = Products;
			refType = 4;
		};
		F52EFCC601AD09F801A80103 = {
			isa = PBXBundleReference;
			path = SndViewP.bundle;
			refType = 3;
		};
		F52EFCC701AD09F801A80103 = {
			buildPhases = (
				F52EFCC801AD09F801A80103,
				F52EFCCA01AD09F801A80103,
				F52EFCCD01AD09F801A80103,
				F52EFCCF01AD09F801A80103,
				F52EFCD401AD09F801A80103,
			);
			buildSettings = {
				FRAMEWORK_SEARCH_PATHS = "\"$(LOCAL_LIBRARY_DIR)/Frameworks\"";
				INSTALL_PATH = "\"$(LOCAL_LIBRARY_DIR)/Palettes\"";
				OPTIMIZATION_CFLAGS = "-O2";
				OTHER_CFLAGS = "";
				OTHER_LDFLAGS = "-bundle";
				OTHER_REZFLAGS = "";
				PRODUCT_NAME = SndViewP;
				SECTORDER_FLAGS = "";
				WARNING_CFLAGS = "-Wmost -Wno-four-char-constants -Wno-unknown-pragmas";
				WRAPPER_EXTENSION = palette;
			};
			dependencies = (
			);
			isa = PBXBundleTarget;
			name = "SndViewP (Bundle)";
			productInstallPath = "\"$(LOCAL_LIBRARY_DIR)/Palettes\"";
			productName = "SndViewP (Bundle)";
			productReference = F52EFCC601AD09F801A80103;
			productSettingsXML = "<?xml version=\"1.0\" encoding=\"UTF-8\"?>
<!DOCTYPE plist SYSTEM \"file://localhost/System/Library/DTDs/PropertyList.dtd\">
<plist version=\"0.9\">
<dict>
	<key>CFBundleDevelopmentRegion</key>
	<string>English</string>
	<key>CFBundleExecutable</key>
	<string>SndViewP</string>
	<key>CFBundleGetInfoString</key>
	<string></string>
	<key>CFBundleIconFile</key>
	<string></string>
	<key>CFBundleIdentifier</key>
	<string></string>
	<key>CFBundleInfoDictionaryVersion</key>
	<string>6.0</string>
	<key>CFBundleName</key>
	<string></string>
	<key>CFBundlePackageType</key>
	<string>BNDL</string>
	<key>CFBundleShortVersionString</key>
	<string></string>
	<key>CFBundleSignature</key>
	<string>????</string>
	<key>CFBundleVersion</key>
	<string>0.0.1d1</string>
</dict>
</plist>
";
			shouldUseHeadermap = 0;
		};
		F52EFCC801AD09F801A80103 = {
			buildActionMask = 2147483647;
			files = (
				F52EFCC901AD09F801A80103,
			);
			isa = PBXHeadersBuildPhase;
			name = Headers;
		};
		F52EFCC901AD09F801A80103 = {
			fileRef = F52EFCB301AD09F801A80103;
			isa = PBXBuildFile;
			settings = {
				ATTRIBUTES = (
					Public,
				);
			};
		};
		F52EFCCA01AD09F801A80103 = {
			buildActionMask = 2147483647;
			files = (
				F52EFCCB01AD09F801A80103,
				F52EFCCC01AD09F801A80103,
			);
			isa = PBXResourcesBuildPhase;
			name = "Bundle Resources";
		};
		F52EFCCB01AD09F801A80103 = {
			fileRef = F52EFCB501AD09F801A80103;
			isa = PBXBuildFile;
			settings = {
			};
		};
		F52EFCCC01AD09F801A80103 = {
			fileRef = F52EFCB801AD09F801A80103;
			isa = PBXBuildFile;
			settings = {
			};
		};
		F52EFCCD01AD09F801A80103 = {
			buildActionMask = 2147483647;
			files = (
				F52EFCCE01AD09F801A80103,
			);
			isa = PBXSourcesBuildPhase;
			name = Sources;
		};
		F52EFCCE01AD09F801A80103 = {
			fileRef = F52EFCB101AD09F801A80103;
			isa = PBXBuildFile;
			settings = {
				ATTRIBUTES = (
					Debug,
				);
			};
		};
		F52EFCCF01AD09F801A80103 = {
			buildActionMask = 2147483647;
			files = (
				F52EFCD001AD09F801A80103,
				F52EFCD101AD09F801A80103,
				F52EFCD201AD09F801A80103,
				F52EFCD301AD09F801A80103,
			);
			isa = PBXFrameworksBuildPhase;
			name = "Frameworks & Libraries";
		};
		F52EFCD001AD09F801A80103 = {
			fileRef = F52EFCC001AD09F801A80103;
			isa = PBXBuildFile;
			settings = {
			};
		};
		F52EFCD101AD09F801A80103 = {
			fileRef = F52EFCC101AD09F801A80103;
			isa = PBXBuildFile;
			settings = {
			};
		};
		F52EFCD201AD09F801A80103 = {
			fileRef = F52EFCC201AD09F801A80103;
			isa = PBXBuildFile;
			settings = {
			};
		};
		F52EFCD301AD09F801A80103 = {
			fileRef = F52EFCC301AD09F801A80103;
			isa = PBXBuildFile;
			settings = {
			};
		};
		F52EFCD401AD09F801A80103 = {
			buildActionMask = 2147483647;
			files = (
			);
			isa = PBXRezBuildPhase;
			name = "ResourceManager Resources";
		};
		F52EFCD501AD09F801A80103 = {
			buildRules = (
			);
			buildSettings = {
				COPY_PHASE_STRIP = NO;
			};
			isa = PBXBuildStyle;
			name = Development;
		};
		F52EFCD601AD09F801A80103 = {
			buildRules = (
			);
			buildSettings = {
				COPY_PHASE_STRIP = YES;
			};
			isa = PBXBuildStyle;
			name = Deployment;
		};
	};
	rootObject = F52EFCAE01AD09F801A80103;
}
